
Microsoft Visual Studio Solution File, Format Version 12.00
# Visual Studio 15
VisualStudioVersion = 15.0.27428.2037
MinimumVisualStudioVersion = 10.0.40219.1
Project("{FAE04EC0-301F-11D3-BF4B-00C04F79EFBC}") = "ch03_06", "ch03_06.csproj", "{D2802F9F-5B62-47EF-A323-5076B0874499}"
EndProject
Global
	GlobalSection(SolutionConfigurationPlatforms) = preSolution
		Debug|Any CPU = Debug|Any CPU
		Release|Any CPU = Release|Any CPU
	EndGlobalSection
	GlobalSection(ProjectConfigurationPlatforms) = postSolution
		{D2802F9F-5B62-47EF-A323-5076B0874499}.Debug|Any CPU.ActiveCfg = Debug|Any CPU
		{D2802F9F-5B62-47EF-A323-5076B0874499}.Debug|Any CPU.Build.0 = Debug|Any CPU
		{D2802F9F-5B62-47EF-A323-5076B0874499}.Release|Any CPU.ActiveCfg = Release|Any CPU
		{D2802F9F-5B62-47EF-A323-5076B0874499}.Release|Any CPU.Build.0 = Release|Any CPU
	EndGlobalSection
	GlobalSection(SolutionProperties) = preSolution
		HideSolutionNode = FALSE
	EndGlobalSection
	GlobalSection(ExtensibilityGlobals) = postSolution
		SolutionGuid = {2968323B-0FAD-4EC7-B286-EE74BC5ABB71}
	EndGlobalSection
EndGlobal
