
Microsoft Visual Studio Solution File, Format Version 12.00
# Visual Studio 15
VisualStudioVersion = 15.0.27428.2037
MinimumVisualStudioVersion = 10.0.40219.1
Project("{FAE04EC0-301F-11D3-BF4B-00C04F79EFBC}") = "ch09_03", "ch09_03.csproj", "{BE4E09DB-2367-4604-905A-6418D36275EC}"
EndProject
Global
	GlobalSection(SolutionConfigurationPlatforms) = preSolution
		Debug|Any CPU = Debug|Any CPU
		Release|Any CPU = Release|Any CPU
	EndGlobalSection
	GlobalSection(ProjectConfigurationPlatforms) = postSolution
		{BE4E09DB-2367-4604-905A-6418D36275EC}.Debug|Any CPU.ActiveCfg = Debug|Any CPU
		{BE4E09DB-2367-4604-905A-6418D36275EC}.Debug|Any CPU.Build.0 = Debug|Any CPU
		{BE4E09DB-2367-4604-905A-6418D36275EC}.Release|Any CPU.ActiveCfg = Release|Any CPU
		{BE4E09DB-2367-4604-905A-6418D36275EC}.Release|Any CPU.Build.0 = Release|Any CPU
	EndGlobalSection
	GlobalSection(SolutionProperties) = preSolution
		HideSolutionNode = FALSE
	EndGlobalSection
	GlobalSection(ExtensibilityGlobals) = postSolution
		SolutionGuid = {6F7DEFD1-2903-4F92-BA44-AB70815F5743}
	EndGlobalSection
EndGlobal
