
Microsoft Visual Studio Solution File, Format Version 12.00
# Visual Studio 15
VisualStudioVersion = 15.0.27428.2037
MinimumVisualStudioVersion = 10.0.40219.1
Project("{FAE04EC0-301F-11D3-BF4B-00C04F79EFBC}") = "ch05_04", "ch05_04.csproj", "{D0263628-F6D9-45B5-A6C6-FD0E83F22372}"
EndProject
Global
	GlobalSection(SolutionConfigurationPlatforms) = preSolution
		Debug|Any CPU = Debug|Any CPU
		Release|Any CPU = Release|Any CPU
	EndGlobalSection
	GlobalSection(ProjectConfigurationPlatforms) = postSolution
		{D0263628-F6D9-45B5-A6C6-FD0E83F22372}.Debug|Any CPU.ActiveCfg = Debug|Any CPU
		{D0263628-F6D9-45B5-A6C6-FD0E83F22372}.Debug|Any CPU.Build.0 = Debug|Any CPU
		{D0263628-F6D9-45B5-A6C6-FD0E83F22372}.Release|Any CPU.ActiveCfg = Release|Any CPU
		{D0263628-F6D9-45B5-A6C6-FD0E83F22372}.Release|Any CPU.Build.0 = Release|Any CPU
	EndGlobalSection
	GlobalSection(SolutionProperties) = preSolution
		HideSolutionNode = FALSE
	EndGlobalSection
	GlobalSection(ExtensibilityGlobals) = postSolution
		SolutionGuid = {C1F09808-F0DD-4EAB-8788-EFAF289CC08A}
	EndGlobalSection
EndGlobal
