
Microsoft Visual Studio Solution File, Format Version 12.00
# Visual Studio 15
VisualStudioVersion = 15.0.27428.2037
MinimumVisualStudioVersion = 10.0.40219.1
Project("{FAE04EC0-301F-11D3-BF4B-00C04F79EFBC}") = "ch03_02", "ch03_02.csproj", "{F2FA759B-CC6B-4E14-9E80-4533799425A7}"
EndProject
Global
	GlobalSection(SolutionConfigurationPlatforms) = preSolution
		Debug|Any CPU = Debug|Any CPU
		Release|Any CPU = Release|Any CPU
	EndGlobalSection
	GlobalSection(ProjectConfigurationPlatforms) = postSolution
		{F2FA759B-CC6B-4E14-9E80-4533799425A7}.Debug|Any CPU.ActiveCfg = Debug|Any CPU
		{F2FA759B-CC6B-4E14-9E80-4533799425A7}.Debug|Any CPU.Build.0 = Debug|Any CPU
		{F2FA759B-CC6B-4E14-9E80-4533799425A7}.Release|Any CPU.ActiveCfg = Release|Any CPU
		{F2FA759B-CC6B-4E14-9E80-4533799425A7}.Release|Any CPU.Build.0 = Release|Any CPU
	EndGlobalSection
	GlobalSection(SolutionProperties) = preSolution
		HideSolutionNode = FALSE
	EndGlobalSection
	GlobalSection(ExtensibilityGlobals) = postSolution
		SolutionGuid = {5E2888F1-7701-4C5F-838B-0DBC6B3AC5D9}
	EndGlobalSection
EndGlobal
