
Microsoft Visual Studio Solution File, Format Version 12.00
# Visual Studio 15
VisualStudioVersion = 15.0.27428.2037
MinimumVisualStudioVersion = 10.0.40219.1
Project("{FAE04EC0-301F-11D3-BF4B-00C04F79EFBC}") = "test", "test.csproj", "{77E1DD8D-616F-4021-A65A-526972587708}"
EndProject
Global
	GlobalSection(SolutionConfigurationPlatforms) = preSolution
		Debug|Any CPU = Debug|Any CPU
		Release|Any CPU = Release|Any CPU
	EndGlobalSection
	GlobalSection(ProjectConfigurationPlatforms) = postSolution
		{77E1DD8D-616F-4021-A65A-526972587708}.Debug|Any CPU.ActiveCfg = Debug|Any CPU
		{77E1DD8D-616F-4021-A65A-526972587708}.Debug|Any CPU.Build.0 = Debug|Any CPU
		{77E1DD8D-616F-4021-A65A-526972587708}.Release|Any CPU.ActiveCfg = Release|Any CPU
		{77E1DD8D-616F-4021-A65A-526972587708}.Release|Any CPU.Build.0 = Release|Any CPU
	EndGlobalSection
	GlobalSection(SolutionProperties) = preSolution
		HideSolutionNode = FALSE
	EndGlobalSection
	GlobalSection(ExtensibilityGlobals) = postSolution
		SolutionGuid = {50A5256F-CE93-4CD9-A0BE-7AD01B5E9E07}
	EndGlobalSection
EndGlobal
