
Microsoft Visual Studio Solution File, Format Version 12.00
# Visual Studio 15
VisualStudioVersion = 15.0.27428.2037
MinimumVisualStudioVersion = 10.0.40219.1
Project("{FAE04EC0-301F-11D3-BF4B-00C04F79EFBC}") = "ch03_03", "ch03_03.csproj", "{01E203CD-DF3B-4D6F-A4FD-DBAC04965906}"
EndProject
Global
	GlobalSection(SolutionConfigurationPlatforms) = preSolution
		Debug|Any CPU = Debug|Any CPU
		Release|Any CPU = Release|Any CPU
	EndGlobalSection
	GlobalSection(ProjectConfigurationPlatforms) = postSolution
		{01E203CD-DF3B-4D6F-A4FD-DBAC04965906}.Debug|Any CPU.ActiveCfg = Debug|Any CPU
		{01E203CD-DF3B-4D6F-A4FD-DBAC04965906}.Debug|Any CPU.Build.0 = Debug|Any CPU
		{01E203CD-DF3B-4D6F-A4FD-DBAC04965906}.Release|Any CPU.ActiveCfg = Release|Any CPU
		{01E203CD-DF3B-4D6F-A4FD-DBAC04965906}.Release|Any CPU.Build.0 = Release|Any CPU
	EndGlobalSection
	GlobalSection(SolutionProperties) = preSolution
		HideSolutionNode = FALSE
	EndGlobalSection
	GlobalSection(ExtensibilityGlobals) = postSolution
		SolutionGuid = {549F4B79-8E96-4A5B-A326-BA02B5B9FDFF}
	EndGlobalSection
EndGlobal
