
Microsoft Visual Studio Solution File, Format Version 12.00
# Visual Studio 15
VisualStudioVersion = 15.0.27428.2037
MinimumVisualStudioVersion = 10.0.40219.1
Project("{FAE04EC0-301F-11D3-BF4B-00C04F79EFBC}") = "ch01_03", "ch01_03.csproj", "{D6ED323D-8552-4D61-B28F-B55B82B10066}"
EndProject
Global
	GlobalSection(SolutionConfigurationPlatforms) = preSolution
		Debug|Any CPU = Debug|Any CPU
		Release|Any CPU = Release|Any CPU
	EndGlobalSection
	GlobalSection(ProjectConfigurationPlatforms) = postSolution
		{D6ED323D-8552-4D61-B28F-B55B82B10066}.Debug|Any CPU.ActiveCfg = Debug|Any CPU
		{D6ED323D-8552-4D61-B28F-B55B82B10066}.Debug|Any CPU.Build.0 = Debug|Any CPU
		{D6ED323D-8552-4D61-B28F-B55B82B10066}.Release|Any CPU.ActiveCfg = Release|Any CPU
		{D6ED323D-8552-4D61-B28F-B55B82B10066}.Release|Any CPU.Build.0 = Release|Any CPU
	EndGlobalSection
	GlobalSection(SolutionProperties) = preSolution
		HideSolutionNode = FALSE
	EndGlobalSection
	GlobalSection(ExtensibilityGlobals) = postSolution
		SolutionGuid = {896D0843-8709-4190-9D67-7DF711E72DE4}
	EndGlobalSection
EndGlobal
