
Microsoft Visual Studio Solution File, Format Version 12.00
# Visual Studio 15
VisualStudioVersion = 15.0.27428.2037
MinimumVisualStudioVersion = 10.0.40219.1
Project("{FAE04EC0-301F-11D3-BF4B-00C04F79EFBC}") = "ch02_09", "ch02_09.csproj", "{D8A77C46-D02C-4FFF-A15F-E29F62CA1CE4}"
EndProject
Global
	GlobalSection(SolutionConfigurationPlatforms) = preSolution
		Debug|Any CPU = Debug|Any CPU
		Release|Any CPU = Release|Any CPU
	EndGlobalSection
	GlobalSection(ProjectConfigurationPlatforms) = postSolution
		{D8A77C46-D02C-4FFF-A15F-E29F62CA1CE4}.Debug|Any CPU.ActiveCfg = Debug|Any CPU
		{D8A77C46-D02C-4FFF-A15F-E29F62CA1CE4}.Debug|Any CPU.Build.0 = Debug|Any CPU
		{D8A77C46-D02C-4FFF-A15F-E29F62CA1CE4}.Release|Any CPU.ActiveCfg = Release|Any CPU
		{D8A77C46-D02C-4FFF-A15F-E29F62CA1CE4}.Release|Any CPU.Build.0 = Release|Any CPU
	EndGlobalSection
	GlobalSection(SolutionProperties) = preSolution
		HideSolutionNode = FALSE
	EndGlobalSection
	GlobalSection(ExtensibilityGlobals) = postSolution
		SolutionGuid = {000400DA-1A94-4A32-88B8-8E0138D2AC67}
	EndGlobalSection
EndGlobal
