
Microsoft Visual Studio Solution File, Format Version 12.00
# Visual Studio 15
VisualStudioVersion = 15.0.27428.2037
MinimumVisualStudioVersion = 10.0.40219.1
Project("{FAE04EC0-301F-11D3-BF4B-00C04F79EFBC}") = "ch08_10", "ch08_10.csproj", "{86914563-34B2-4ABB-8AFC-17E513D520B7}"
EndProject
Global
	GlobalSection(SolutionConfigurationPlatforms) = preSolution
		Debug|Any CPU = Debug|Any CPU
		Release|Any CPU = Release|Any CPU
	EndGlobalSection
	GlobalSection(ProjectConfigurationPlatforms) = postSolution
		{86914563-34B2-4ABB-8AFC-17E513D520B7}.Debug|Any CPU.ActiveCfg = Debug|Any CPU
		{86914563-34B2-4ABB-8AFC-17E513D520B7}.Debug|Any CPU.Build.0 = Debug|Any CPU
		{86914563-34B2-4ABB-8AFC-17E513D520B7}.Release|Any CPU.ActiveCfg = Release|Any CPU
		{86914563-34B2-4ABB-8AFC-17E513D520B7}.Release|Any CPU.Build.0 = Release|Any CPU
	EndGlobalSection
	GlobalSection(SolutionProperties) = preSolution
		HideSolutionNode = FALSE
	EndGlobalSection
	GlobalSection(ExtensibilityGlobals) = postSolution
		SolutionGuid = {FAC0E4A2-5FB1-4F48-BC89-309FEF5BDD21}
	EndGlobalSection
EndGlobal
