
Microsoft Visual Studio Solution File, Format Version 12.00
# Visual Studio 15
VisualStudioVersion = 15.0.27428.2037
MinimumVisualStudioVersion = 10.0.40219.1
Project("{FAE04EC0-301F-11D3-BF4B-00C04F79EFBC}") = "ch02_06", "ch02_06.csproj", "{2E93C4E8-DC56-45D2-8ECF-69A23B33D6F9}"
EndProject
Global
	GlobalSection(SolutionConfigurationPlatforms) = preSolution
		Debug|Any CPU = Debug|Any CPU
		Release|Any CPU = Release|Any CPU
	EndGlobalSection
	GlobalSection(ProjectConfigurationPlatforms) = postSolution
		{2E93C4E8-DC56-45D2-8ECF-69A23B33D6F9}.Debug|Any CPU.ActiveCfg = Debug|Any CPU
		{2E93C4E8-DC56-45D2-8ECF-69A23B33D6F9}.Debug|Any CPU.Build.0 = Debug|Any CPU
		{2E93C4E8-DC56-45D2-8ECF-69A23B33D6F9}.Release|Any CPU.ActiveCfg = Release|Any CPU
		{2E93C4E8-DC56-45D2-8ECF-69A23B33D6F9}.Release|Any CPU.Build.0 = Release|Any CPU
	EndGlobalSection
	GlobalSection(SolutionProperties) = preSolution
		HideSolutionNode = FALSE
	EndGlobalSection
	GlobalSection(ExtensibilityGlobals) = postSolution
		SolutionGuid = {A9C83786-C59E-4279-9DB4-8089211ADB36}
	EndGlobalSection
EndGlobal
