
Microsoft Visual Studio Solution File, Format Version 12.00
# Visual Studio 15
VisualStudioVersion = 15.0.27428.2037
MinimumVisualStudioVersion = 10.0.40219.1
Project("{FAE04EC0-301F-11D3-BF4B-00C04F79EFBC}") = "ch04_07", "ch04_07.csproj", "{86209358-EC8C-43E6-A151-DD2C8F5C38DD}"
EndProject
Global
	GlobalSection(SolutionConfigurationPlatforms) = preSolution
		Debug|Any CPU = Debug|Any CPU
		Release|Any CPU = Release|Any CPU
	EndGlobalSection
	GlobalSection(ProjectConfigurationPlatforms) = postSolution
		{86209358-EC8C-43E6-A151-DD2C8F5C38DD}.Debug|Any CPU.ActiveCfg = Debug|Any CPU
		{86209358-EC8C-43E6-A151-DD2C8F5C38DD}.Debug|Any CPU.Build.0 = Debug|Any CPU
		{86209358-EC8C-43E6-A151-DD2C8F5C38DD}.Release|Any CPU.ActiveCfg = Release|Any CPU
		{86209358-EC8C-43E6-A151-DD2C8F5C38DD}.Release|Any CPU.Build.0 = Release|Any CPU
	EndGlobalSection
	GlobalSection(SolutionProperties) = preSolution
		HideSolutionNode = FALSE
	EndGlobalSection
	GlobalSection(ExtensibilityGlobals) = postSolution
		SolutionGuid = {668925A1-039A-48E8-A16D-C3CC686526BD}
	EndGlobalSection
EndGlobal
