
Microsoft Visual Studio Solution File, Format Version 12.00
# Visual Studio 15
VisualStudioVersion = 15.0.27428.2037
MinimumVisualStudioVersion = 10.0.40219.1
Project("{FAE04EC0-301F-11D3-BF4B-00C04F79EFBC}") = "ch03_05", "ch03_05.csproj", "{E034E39B-E632-411F-BF95-86796C976FA3}"
EndProject
Global
	GlobalSection(SolutionConfigurationPlatforms) = preSolution
		Debug|Any CPU = Debug|Any CPU
		Release|Any CPU = Release|Any CPU
	EndGlobalSection
	GlobalSection(ProjectConfigurationPlatforms) = postSolution
		{E034E39B-E632-411F-BF95-86796C976FA3}.Debug|Any CPU.ActiveCfg = Debug|Any CPU
		{E034E39B-E632-411F-BF95-86796C976FA3}.Debug|Any CPU.Build.0 = Debug|Any CPU
		{E034E39B-E632-411F-BF95-86796C976FA3}.Release|Any CPU.ActiveCfg = Release|Any CPU
		{E034E39B-E632-411F-BF95-86796C976FA3}.Release|Any CPU.Build.0 = Release|Any CPU
	EndGlobalSection
	GlobalSection(SolutionProperties) = preSolution
		HideSolutionNode = FALSE
	EndGlobalSection
	GlobalSection(ExtensibilityGlobals) = postSolution
		SolutionGuid = {A09F4088-D779-40F4-BF67-D240729BFFCB}
	EndGlobalSection
EndGlobal
