
Microsoft Visual Studio Solution File, Format Version 12.00
# Visual Studio 15
VisualStudioVersion = 15.0.27428.2037
MinimumVisualStudioVersion = 10.0.40219.1
Project("{FAE04EC0-301F-11D3-BF4B-00C04F79EFBC}") = "ch07_08", "ch07_08.csproj", "{22546D62-512F-440C-BEEC-2BC16AD5CD56}"
EndProject
Global
	GlobalSection(SolutionConfigurationPlatforms) = preSolution
		Debug|Any CPU = Debug|Any CPU
		Release|Any CPU = Release|Any CPU
	EndGlobalSection
	GlobalSection(ProjectConfigurationPlatforms) = postSolution
		{22546D62-512F-440C-BEEC-2BC16AD5CD56}.Debug|Any CPU.ActiveCfg = Debug|Any CPU
		{22546D62-512F-440C-BEEC-2BC16AD5CD56}.Debug|Any CPU.Build.0 = Debug|Any CPU
		{22546D62-512F-440C-BEEC-2BC16AD5CD56}.Release|Any CPU.ActiveCfg = Release|Any CPU
		{22546D62-512F-440C-BEEC-2BC16AD5CD56}.Release|Any CPU.Build.0 = Release|Any CPU
	EndGlobalSection
	GlobalSection(SolutionProperties) = preSolution
		HideSolutionNode = FALSE
	EndGlobalSection
	GlobalSection(ExtensibilityGlobals) = postSolution
		SolutionGuid = {E45AD4A9-6E3D-4A6E-9AC8-130E0DA85989}
	EndGlobalSection
EndGlobal
