
Microsoft Visual Studio Solution File, Format Version 12.00
# Visual Studio 15
VisualStudioVersion = 15.0.27428.2037
MinimumVisualStudioVersion = 10.0.40219.1
Project("{FAE04EC0-301F-11D3-BF4B-00C04F79EFBC}") = "ch07_03", "ch07_03.csproj", "{CD0E32DC-CF12-43DD-B5EC-5EDDF4797A27}"
EndProject
Global
	GlobalSection(SolutionConfigurationPlatforms) = preSolution
		Debug|Any CPU = Debug|Any CPU
		Release|Any CPU = Release|Any CPU
	EndGlobalSection
	GlobalSection(ProjectConfigurationPlatforms) = postSolution
		{CD0E32DC-CF12-43DD-B5EC-5EDDF4797A27}.Debug|Any CPU.ActiveCfg = Debug|Any CPU
		{CD0E32DC-CF12-43DD-B5EC-5EDDF4797A27}.Debug|Any CPU.Build.0 = Debug|Any CPU
		{CD0E32DC-CF12-43DD-B5EC-5EDDF4797A27}.Release|Any CPU.ActiveCfg = Release|Any CPU
		{CD0E32DC-CF12-43DD-B5EC-5EDDF4797A27}.Release|Any CPU.Build.0 = Release|Any CPU
	EndGlobalSection
	GlobalSection(SolutionProperties) = preSolution
		HideSolutionNode = FALSE
	EndGlobalSection
	GlobalSection(ExtensibilityGlobals) = postSolution
		SolutionGuid = {53BDF417-F647-4E08-92E6-761D13A77C0B}
	EndGlobalSection
EndGlobal
