
Microsoft Visual Studio Solution File, Format Version 12.00
# Visual Studio 15
VisualStudioVersion = 15.0.27428.2037
MinimumVisualStudioVersion = 10.0.40219.1
Project("{FAE04EC0-301F-11D3-BF4B-00C04F79EFBC}") = "ch07_04", "ch07_04.csproj", "{D0448E93-FEEF-438F-AB01-8835305D2CCC}"
EndProject
Global
	GlobalSection(SolutionConfigurationPlatforms) = preSolution
		Debug|Any CPU = Debug|Any CPU
		Release|Any CPU = Release|Any CPU
	EndGlobalSection
	GlobalSection(ProjectConfigurationPlatforms) = postSolution
		{D0448E93-FEEF-438F-AB01-8835305D2CCC}.Debug|Any CPU.ActiveCfg = Debug|Any CPU
		{D0448E93-FEEF-438F-AB01-8835305D2CCC}.Debug|Any CPU.Build.0 = Debug|Any CPU
		{D0448E93-FEEF-438F-AB01-8835305D2CCC}.Release|Any CPU.ActiveCfg = Release|Any CPU
		{D0448E93-FEEF-438F-AB01-8835305D2CCC}.Release|Any CPU.Build.0 = Release|Any CPU
	EndGlobalSection
	GlobalSection(SolutionProperties) = preSolution
		HideSolutionNode = FALSE
	EndGlobalSection
	GlobalSection(ExtensibilityGlobals) = postSolution
		SolutionGuid = {C4DB2721-E36A-48D0-BB57-09F7DC79FE96}
	EndGlobalSection
EndGlobal
