
Microsoft Visual Studio Solution File, Format Version 12.00
# Visual Studio 15
VisualStudioVersion = 15.0.27428.2037
MinimumVisualStudioVersion = 10.0.40219.1
Project("{FAE04EC0-301F-11D3-BF4B-00C04F79EFBC}") = "ch04_04", "ch04_04.csproj", "{AF193262-6B68-4267-9E77-666DB5D6C43D}"
EndProject
Global
	GlobalSection(SolutionConfigurationPlatforms) = preSolution
		Debug|Any CPU = Debug|Any CPU
		Release|Any CPU = Release|Any CPU
	EndGlobalSection
	GlobalSection(ProjectConfigurationPlatforms) = postSolution
		{AF193262-6B68-4267-9E77-666DB5D6C43D}.Debug|Any CPU.ActiveCfg = Debug|Any CPU
		{AF193262-6B68-4267-9E77-666DB5D6C43D}.Debug|Any CPU.Build.0 = Debug|Any CPU
		{AF193262-6B68-4267-9E77-666DB5D6C43D}.Release|Any CPU.ActiveCfg = Release|Any CPU
		{AF193262-6B68-4267-9E77-666DB5D6C43D}.Release|Any CPU.Build.0 = Release|Any CPU
	EndGlobalSection
	GlobalSection(SolutionProperties) = preSolution
		HideSolutionNode = FALSE
	EndGlobalSection
	GlobalSection(ExtensibilityGlobals) = postSolution
		SolutionGuid = {0A0AD370-CE22-4211-9506-B2DA05306A50}
	EndGlobalSection
EndGlobal
